# THIS IS AN AUTOGENERATED FILE. DO NOT EDIT THIS FILE DIRECTLY.
# yarn lockfile v1


free-gaussian@0.1.0:
  version "0.1.0"
  resolved "https://registry.yarnpkg.com/free-gaussian/-/free-gaussian-0.1.0.tgz#b5152abe0dbdddf36080ded0b4d4ba6f8ace17fc"
  integrity sha1-tRUqvg293fNggN7QtNS6b4rOF/w=

"trueskill@^0.0.2":
  version "0.0.2"
  resolved "https://registry.yarnpkg.com/trueskill/-/trueskill-0.0.2.tgz#f6c7ef634c2debac0d57ffbb5d4c8f26eb4eda75"
  integrity sha1-9sfvY0wt66wNV/+7XUyPJutO2nU=
  dependencies:
    free-gaussian "0.1.0"
